
Microsoft Visual Studio Solution File, Format Version 12.00
# Visual Studio Version 16
VisualStudioVersion = 16.0.30717.126
MinimumVisualStudioVersion = 10.0.40219.1
Project("{9A19103F-16F7-4668-BE54-9A1E7A4F7556}") = "FreeSSL", "FreeSSL\FreeSSL.csproj", "{E00D360B-33AE-4252-A9E8-4CC4E38424C7}"
EndProject
Project("{9A19103F-16F7-4668-BE54-9A1E7A4F7556}") = "FreeSSL.Domain", "FreeSSL.Domain\FreeSSL.Domain.csproj", "{D1AB2C99-8804-42BD-86FD-09419471A52F}"
EndProject
Global
	GlobalSection(SolutionConfigurationPlatforms) = preSolution
		Debug|Any CPU = Debug|Any CPU
		Release|Any CPU = Release|Any CPU
	EndGlobalSection
	GlobalSection(ProjectConfigurationPlatforms) = postSolution
		{E00D360B-33AE-4252-A9E8-4CC4E38424C7}.Debug|Any CPU.ActiveCfg = Debug|Any CPU
		{E00D360B-33AE-4252-A9E8-4CC4E38424C7}.Debug|Any CPU.Build.0 = Debug|Any CPU
		{E00D360B-33AE-4252-A9E8-4CC4E38424C7}.Release|Any CPU.ActiveCfg = Release|Any CPU
		{E00D360B-33AE-4252-A9E8-4CC4E38424C7}.Release|Any CPU.Build.0 = Release|Any CPU
		{D1AB2C99-8804-42BD-86FD-09419471A52F}.Debug|Any CPU.ActiveCfg = Debug|Any CPU
		{D1AB2C99-8804-42BD-86FD-09419471A52F}.Debug|Any CPU.Build.0 = Debug|Any CPU
		{D1AB2C99-8804-42BD-86FD-09419471A52F}.Release|Any CPU.ActiveCfg = Release|Any CPU
		{D1AB2C99-8804-42BD-86FD-09419471A52F}.Release|Any CPU.Build.0 = Release|Any CPU
	EndGlobalSection
	GlobalSection(SolutionProperties) = preSolution
		HideSolutionNode = FALSE
	EndGlobalSection
	GlobalSection(ExtensibilityGlobals) = postSolution
		SolutionGuid = {3468CB8B-7ACA-435F-BDC5-23B9E9523AF6}
	EndGlobalSection
EndGlobal
